// !$*UTF8*$!
{
	archiveVersion = 1;
	classes = {
	};
	objectVersion = 46;
	objects = {

/* Begin PBXBuildFile section */
		0010709A22B22372008AFFE7 /* MKScanPageController.m in Sources */ = {isa = PBXBuildFile; fileRef = 0010709922B22372008AFFE7 /* MKScanPageController.m */; };
		001070A122B224F6008AFFE7 /* MKBindDeviceLayout.m in Sources */ = {isa = PBXBuildFile; fileRef = 0010709B22B224F5008AFFE7 /* MKBindDeviceLayout.m */; };
		001070A322B224F6008AFFE7 /* MKBindDeviceCell.m in Sources */ = {isa = PBXBuildFile; fileRef = 0010709E22B224F5008AFFE7 /* MKBindDeviceCell.m */; };
		001070BE22B228ED008AFFE7 /* deviceModule_fitpolo705Icon@2x.png in Resources */ = {isa = PBXBuildFile; fileRef = 001070B622B228ED008AFFE7 /* deviceModule_fitpolo705Icon@2x.png */; };
		001070BF22B228ED008AFFE7 /* deviceModule_fitpolo705Icon@3x.png in Resources */ = {isa = PBXBuildFile; fileRef = 001070B722B228ED008AFFE7 /* deviceModule_fitpolo705Icon@3x.png */; };
		001070C022B228ED008AFFE7 /* deviceModule_fitpolo707Icon@2x.png in Resources */ = {isa = PBXBuildFile; fileRef = 001070B822B228ED008AFFE7 /* deviceModule_fitpolo707Icon@2x.png */; };
		001070C122B228ED008AFFE7 /* deviceModule_fitpolo707Icon@3x.png in Resources */ = {isa = PBXBuildFile; fileRef = 001070B922B228ED008AFFE7 /* deviceModule_fitpolo707Icon@3x.png */; };
		001070C222B228ED008AFFE7 /* deviceModule_fitpolo701Icon@2x.png in Resources */ = {isa = PBXBuildFile; fileRef = 001070BA22B228ED008AFFE7 /* deviceModule_fitpolo701Icon@2x.png */; };
		001070C322B228ED008AFFE7 /* deviceModule_fitpolo701Icon@3x.png in Resources */ = {isa = PBXBuildFile; fileRef = 001070BB22B228ED008AFFE7 /* deviceModule_fitpolo701Icon@3x.png */; };
		001070C422B228ED008AFFE7 /* deviceModule_fitpolo706Icon@3x.png in Resources */ = {isa = PBXBuildFile; fileRef = 001070BC22B228ED008AFFE7 /* deviceModule_fitpolo706Icon@3x.png */; };
		001070C522B228ED008AFFE7 /* deviceModule_fitpolo706Icon@2x.png in Resources */ = {isa = PBXBuildFile; fileRef = 001070BD22B228ED008AFFE7 /* deviceModule_fitpolo706Icon@2x.png */; };
		001070C822B231CA008AFFE7 /* deviceModule_refreshIcon@2x.png in Resources */ = {isa = PBXBuildFile; fileRef = 001070C622B231CA008AFFE7 /* deviceModule_refreshIcon@2x.png */; };
		001070C922B231CA008AFFE7 /* deviceModule_refreshIcon@3x.png in Resources */ = {isa = PBXBuildFile; fileRef = 001070C722B231CA008AFFE7 /* deviceModule_refreshIcon@3x.png */; };
		001070CD22B235F8008AFFE7 /* MKHudManager.m in Sources */ = {isa = PBXBuildFile; fileRef = 001070CB22B235F8008AFFE7 /* MKHudManager.m */; };
		009137D62447FF0B0014EA95 /* deviceModule_fitpolo709Icon@2x.png in Resources */ = {isa = PBXBuildFile; fileRef = 009137D42447FF0B0014EA95 /* deviceModule_fitpolo709Icon@2x.png */; };
		009137D72447FF0B0014EA95 /* deviceModule_fitpolo709Icon@3x.png in Resources */ = {isa = PBXBuildFile; fileRef = 009137D52447FF0B0014EA95 /* deviceModule_fitpolo709Icon@3x.png */; };
		009137D9244806400014EA95 /* dialUI2.jpg in Resources */ = {isa = PBXBuildFile; fileRef = 009137D8244806400014EA95 /* dialUI2.jpg */; };
		009137DD244808A80014EA95 /* MKDeviceModulePhotoPicker.m in Sources */ = {isa = PBXBuildFile; fileRef = 009137DC244808A70014EA95 /* MKDeviceModulePhotoPicker.m */; };
		00914D6D22B3519E00E89753 /* MKReadDataTimeModel.m in Sources */ = {isa = PBXBuildFile; fileRef = 00914D6522B3519E00E89753 /* MKReadDataTimeModel.m */; };
		00914D6E22B3519E00E89753 /* MKConfigInterfaceController.m in Sources */ = {isa = PBXBuildFile; fileRef = 00914D6722B3519E00E89753 /* MKConfigInterfaceController.m */; };
		00914D6F22B3519E00E89753 /* MKReadInterfaceController.m in Sources */ = {isa = PBXBuildFile; fileRef = 00914D6822B3519E00E89753 /* MKReadInterfaceController.m */; };
		00914D7022B3519E00E89753 /* MKInterfaceController.m in Sources */ = {isa = PBXBuildFile; fileRef = 00914D6C22B3519E00E89753 /* MKInterfaceController.m */; };
		00914D7322B351C300E89753 /* MKAncsModel.m in Sources */ = {isa = PBXBuildFile; fileRef = 00914D7222B351C300E89753 /* MKAncsModel.m */; };
		00914D7622B3528D00E89753 /* MKConfigAlarmClockModel.m in Sources */ = {isa = PBXBuildFile; fileRef = 00914D7522B3528D00E89753 /* MKConfigAlarmClockModel.m */; };
		00914D7922B371DC00E89753 /* MKConfigPeriodTimeModel.m in Sources */ = {isa = PBXBuildFile; fileRef = 00914D7822B371DC00E89753 /* MKConfigPeriodTimeModel.m */; };
		00914D7C22B377F100E89753 /* MKCustomScreenDisplayModel.m in Sources */ = {isa = PBXBuildFile; fileRef = 00914D7B22B377F100E89753 /* MKCustomScreenDisplayModel.m */; };
		00914D7F22B37BD500E89753 /* MKConfigUserDataModel.m in Sources */ = {isa = PBXBuildFile; fileRef = 00914D7E22B37BD500E89753 /* MKConfigUserDataModel.m */; };
		00D42A112447FCB3003AA084 /* dialUI.jpg in Resources */ = {isa = PBXBuildFile; fileRef = 00D42A102447FCB3003AA084 /* dialUI.jpg */; };
		6003F58E195388D20070C39A /* Foundation.framework in Frameworks */ = {isa = PBXBuildFile; fileRef = 6003F58D195388D20070C39A /* Foundation.framework */; };
		6003F590195388D20070C39A /* CoreGraphics.framework in Frameworks */ = {isa = PBXBuildFile; fileRef = 6003F58F195388D20070C39A /* CoreGraphics.framework */; };
		6003F592195388D20070C39A /* UIKit.framework in Frameworks */ = {isa = PBXBuildFile; fileRef = 6003F591195388D20070C39A /* UIKit.framework */; };
		6003F598195388D20070C39A /* InfoPlist.strings in Resources */ = {isa = PBXBuildFile; fileRef = 6003F596195388D20070C39A /* InfoPlist.strings */; };
		6003F59A195388D20070C39A /* main.m in Sources */ = {isa = PBXBuildFile; fileRef = 6003F599195388D20070C39A /* main.m */; };
		6003F59E195388D20070C39A /* MKAppDelegate.m in Sources */ = {isa = PBXBuildFile; fileRef = 6003F59D195388D20070C39A /* MKAppDelegate.m */; };
		6003F5A9195388D20070C39A /* Images.xcassets in Resources */ = {isa = PBXBuildFile; fileRef = 6003F5A8195388D20070C39A /* Images.xcassets */; };
		6003F5B0195388D20070C39A /* XCTest.framework in Frameworks */ = {isa = PBXBuildFile; fileRef = 6003F5AF195388D20070C39A /* XCTest.framework */; };
		6003F5B1195388D20070C39A /* Foundation.framework in Frameworks */ = {isa = PBXBuildFile; fileRef = 6003F58D195388D20070C39A /* Foundation.framework */; };
		6003F5B2195388D20070C39A /* UIKit.framework in Frameworks */ = {isa = PBXBuildFile; fileRef = 6003F591195388D20070C39A /* UIKit.framework */; };
		6003F5BA195388D20070C39A /* InfoPlist.strings in Resources */ = {isa = PBXBuildFile; fileRef = 6003F5B8195388D20070C39A /* InfoPlist.strings */; };
		6003F5BC195388D20070C39A /* Tests.m in Sources */ = {isa = PBXBuildFile; fileRef = 6003F5BB195388D20070C39A /* Tests.m */; };
		B491F491F3B210FC7BBEB3E1 /* Pods_FitpoloSDK_iOS_Example.framework in Frameworks */ = {isa = PBXBuildFile; fileRef = D2A178D4E0C991EC4CFA4B9F /* Pods_FitpoloSDK_iOS_Example.framework */; };
/* End PBXBuildFile section */

/* Begin PBXContainerItemProxy section */
		6003F5B3195388D20070C39A /* PBXContainerItemProxy */ = {
			isa = PBXContainerItemProxy;
			containerPortal = 6003F582195388D10070C39A /* Project object */;
			proxyType = 1;
			remoteGlobalIDString = 6003F589195388D20070C39A;
			remoteInfo = "FitpoloSDK-iOS";
		};
/* End PBXContainerItemProxy section */

/* Begin PBXFileReference section */
		0010709822B22372008AFFE7 /* MKScanPageController.h */ = {isa = PBXFileReference; lastKnownFileType = sourcecode.c.h; path = MKScanPageController.h; sourceTree = "<group>"; };
		0010709922B22372008AFFE7 /* MKScanPageController.m */ = {isa = PBXFileReference; lastKnownFileType = sourcecode.c.objc; path = MKScanPageController.m; sourceTree = "<group>"; };
		0010709B22B224F5008AFFE7 /* MKBindDeviceLayout.m */ = {isa = PBXFileReference; fileEncoding = 4; lastKnownFileType = sourcecode.c.objc; path = MKBindDeviceLayout.m; sourceTree = "<group>"; };
		0010709D22B224F5008AFFE7 /* MKBindDeviceLayout.h */ = {isa = PBXFileReference; fileEncoding = 4; lastKnownFileType = sourcecode.c.h; path = MKBindDeviceLayout.h; sourceTree = "<group>"; };
		0010709E22B224F5008AFFE7 /* MKBindDeviceCell.m */ = {isa = PBXFileReference; fileEncoding = 4; lastKnownFileType = sourcecode.c.objc; path = MKBindDeviceCell.m; sourceTree = "<group>"; };
		0010709F22B224F5008AFFE7 /* MKBindDeviceCell.h */ = {isa = PBXFileReference; fileEncoding = 4; lastKnownFileType = sourcecode.c.h; path = MKBindDeviceCell.h; sourceTree = "<group>"; };
		001070B622B228ED008AFFE7 /* deviceModule_fitpolo705Icon@2x.png */ = {isa = PBXFileReference; lastKnownFileType = image.png; path = "deviceModule_fitpolo705Icon@2x.png"; sourceTree = "<group>"; };
		001070B722B228ED008AFFE7 /* deviceModule_fitpolo705Icon@3x.png */ = {isa = PBXFileReference; lastKnownFileType = image.png; path = "deviceModule_fitpolo705Icon@3x.png"; sourceTree = "<group>"; };
		001070B822B228ED008AFFE7 /* deviceModule_fitpolo707Icon@2x.png */ = {isa = PBXFileReference; lastKnownFileType = image.png; path = "deviceModule_fitpolo707Icon@2x.png"; sourceTree = "<group>"; };
		001070B922B228ED008AFFE7 /* deviceModule_fitpolo707Icon@3x.png */ = {isa = PBXFileReference; lastKnownFileType = image.png; path = "deviceModule_fitpolo707Icon@3x.png"; sourceTree = "<group>"; };
		001070BA22B228ED008AFFE7 /* deviceModule_fitpolo701Icon@2x.png */ = {isa = PBXFileReference; lastKnownFileType = image.png; path = "deviceModule_fitpolo701Icon@2x.png"; sourceTree = "<group>"; };
		001070BB22B228ED008AFFE7 /* deviceModule_fitpolo701Icon@3x.png */ = {isa = PBXFileReference; lastKnownFileType = image.png; path = "deviceModule_fitpolo701Icon@3x.png"; sourceTree = "<group>"; };
		001070BC22B228ED008AFFE7 /* deviceModule_fitpolo706Icon@3x.png */ = {isa = PBXFileReference; lastKnownFileType = image.png; path = "deviceModule_fitpolo706Icon@3x.png"; sourceTree = "<group>"; };
		001070BD22B228ED008AFFE7 /* deviceModule_fitpolo706Icon@2x.png */ = {isa = PBXFileReference; lastKnownFileType = image.png; path = "deviceModule_fitpolo706Icon@2x.png"; sourceTree = "<group>"; };
		001070C622B231CA008AFFE7 /* deviceModule_refreshIcon@2x.png */ = {isa = PBXFileReference; lastKnownFileType = image.png; path = "deviceModule_refreshIcon@2x.png"; sourceTree = "<group>"; };
		001070C722B231CA008AFFE7 /* deviceModule_refreshIcon@3x.png */ = {isa = PBXFileReference; lastKnownFileType = image.png; path = "deviceModule_refreshIcon@3x.png"; sourceTree = "<group>"; };
		001070CB22B235F8008AFFE7 /* MKHudManager.m */ = {isa = PBXFileReference; fileEncoding = 4; lastKnownFileType = sourcecode.c.objc; path = MKHudManager.m; sourceTree = "<group>"; };
		001070CC22B235F8008AFFE7 /* MKHudManager.h */ = {isa = PBXFileReference; fileEncoding = 4; lastKnownFileType = sourcecode.c.h; path = MKHudManager.h; sourceTree = "<group>"; };
		009137D42447FF0B0014EA95 /* deviceModule_fitpolo709Icon@2x.png */ = {isa = PBXFileReference; lastKnownFileType = image.png; path = "deviceModule_fitpolo709Icon@2x.png"; sourceTree = "<group>"; };
		009137D52447FF0B0014EA95 /* deviceModule_fitpolo709Icon@3x.png */ = {isa = PBXFileReference; lastKnownFileType = image.png; path = "deviceModule_fitpolo709Icon@3x.png"; sourceTree = "<group>"; };
		009137D8244806400014EA95 /* dialUI2.jpg */ = {isa = PBXFileReference; lastKnownFileType = image.jpeg; name = dialUI2.jpg; path = "../../../../../../Library/Containers/com.tencent.xinWeChat/Data/Library/Application Support/com.tencent.xinWeChat/2.0b4.0.9/1b89d351ece5b595dc3c0529f25ad6d8/Message/MessageTemp/0b0e3d899106279d53f79df19985fd82/Image/dialUI2.jpg"; sourceTree = "<group>"; };
		009137DB244808A70014EA95 /* MKDeviceModulePhotoPicker.h */ = {isa = PBXFileReference; fileEncoding = 4; lastKnownFileType = sourcecode.c.h; path = MKDeviceModulePhotoPicker.h; sourceTree = "<group>"; };
		009137DC244808A70014EA95 /* MKDeviceModulePhotoPicker.m */ = {isa = PBXFileReference; fileEncoding = 4; lastKnownFileType = sourcecode.c.objc; path = MKDeviceModulePhotoPicker.m; sourceTree = "<group>"; };
		00914D6422B3519E00E89753 /* MKReadDataTimeModel.h */ = {isa = PBXFileReference; fileEncoding = 4; lastKnownFileType = sourcecode.c.h; path = MKReadDataTimeModel.h; sourceTree = "<group>"; };
		00914D6522B3519E00E89753 /* MKReadDataTimeModel.m */ = {isa = PBXFileReference; fileEncoding = 4; lastKnownFileType = sourcecode.c.objc; path = MKReadDataTimeModel.m; sourceTree = "<group>"; };
		00914D6722B3519E00E89753 /* MKConfigInterfaceController.m */ = {isa = PBXFileReference; fileEncoding = 4; lastKnownFileType = sourcecode.c.objc; path = MKConfigInterfaceController.m; sourceTree = "<group>"; };
		00914D6822B3519E00E89753 /* MKReadInterfaceController.m */ = {isa = PBXFileReference; fileEncoding = 4; lastKnownFileType = sourcecode.c.objc; path = MKReadInterfaceController.m; sourceTree = "<group>"; };
		00914D6922B3519E00E89753 /* MKInterfaceController.h */ = {isa = PBXFileReference; fileEncoding = 4; lastKnownFileType = sourcecode.c.h; path = MKInterfaceController.h; sourceTree = "<group>"; };
		00914D6A22B3519E00E89753 /* MKConfigInterfaceController.h */ = {isa = PBXFileReference; fileEncoding = 4; lastKnownFileType = sourcecode.c.h; path = MKConfigInterfaceController.h; sourceTree = "<group>"; };
		00914D6B22B3519E00E89753 /* MKReadInterfaceController.h */ = {isa = PBXFileReference; fileEncoding = 4; lastKnownFileType = sourcecode.c.h; path = MKReadInterfaceController.h; sourceTree = "<group>"; };
		00914D6C22B3519E00E89753 /* MKInterfaceController.m */ = {isa = PBXFileReference; fileEncoding = 4; lastKnownFileType = sourcecode.c.objc; path = MKInterfaceController.m; sourceTree = "<group>"; };
		00914D7122B351C300E89753 /* MKAncsModel.h */ = {isa = PBXFileReference; lastKnownFileType = sourcecode.c.h; path = MKAncsModel.h; sourceTree = "<group>"; };
		00914D7222B351C300E89753 /* MKAncsModel.m */ = {isa = PBXFileReference; lastKnownFileType = sourcecode.c.objc; path = MKAncsModel.m; sourceTree = "<group>"; };
		00914D7422B3528D00E89753 /* MKConfigAlarmClockModel.h */ = {isa = PBXFileReference; lastKnownFileType = sourcecode.c.h; path = MKConfigAlarmClockModel.h; sourceTree = "<group>"; };
		00914D7522B3528D00E89753 /* MKConfigAlarmClockModel.m */ = {isa = PBXFileReference; lastKnownFileType = sourcecode.c.objc; path = MKConfigAlarmClockModel.m; sourceTree = "<group>"; };
		00914D7722B371DC00E89753 /* MKConfigPeriodTimeModel.h */ = {isa = PBXFileReference; lastKnownFileType = sourcecode.c.h; path = MKConfigPeriodTimeModel.h; sourceTree = "<group>"; };
		00914D7822B371DC00E89753 /* MKConfigPeriodTimeModel.m */ = {isa = PBXFileReference; lastKnownFileType = sourcecode.c.objc; path = MKConfigPeriodTimeModel.m; sourceTree = "<group>"; };
		00914D7A22B377F100E89753 /* MKCustomScreenDisplayModel.h */ = {isa = PBXFileReference; lastKnownFileType = sourcecode.c.h; path = MKCustomScreenDisplayModel.h; sourceTree = "<group>"; };
		00914D7B22B377F100E89753 /* MKCustomScreenDisplayModel.m */ = {isa = PBXFileReference; lastKnownFileType = sourcecode.c.objc; path = MKCustomScreenDisplayModel.m; sourceTree = "<group>"; };
		00914D7D22B37BD500E89753 /* MKConfigUserDataModel.h */ = {isa = PBXFileReference; lastKnownFileType = sourcecode.c.h; path = MKConfigUserDataModel.h; sourceTree = "<group>"; };
		00914D7E22B37BD500E89753 /* MKConfigUserDataModel.m */ = {isa = PBXFileReference; lastKnownFileType = sourcecode.c.objc; path = MKConfigUserDataModel.m; sourceTree = "<group>"; };
		00D42A102447FCB3003AA084 /* dialUI.jpg */ = {isa = PBXFileReference; lastKnownFileType = image.jpeg; name = dialUI.jpg; path = "../../../../../../Library/Containers/com.tencent.xinWeChat/Data/Library/Application Support/com.tencent.xinWeChat/2.0b4.0.9/1b89d351ece5b595dc3c0529f25ad6d8/Message/MessageTemp/0b0e3d899106279d53f79df19985fd82/Image/dialUI.jpg"; sourceTree = "<group>"; };
		2CFBBE3CF4B52F51B199A8B6 /* LICENSE */ = {isa = PBXFileReference; includeInIndex = 1; lastKnownFileType = text; name = LICENSE; path = ../LICENSE; sourceTree = "<group>"; };
		2EB88843B8A62F6B94B9B9E1 /* FitpoloSDK-iOS.podspec */ = {isa = PBXFileReference; includeInIndex = 1; lastKnownFileType = text; name = "FitpoloSDK-iOS.podspec"; path = "../FitpoloSDK-iOS.podspec"; sourceTree = "<group>"; xcLanguageSpecificationIdentifier = xcode.lang.ruby; };
		4961C2031B40F3BD0F3DC1F6 /* README.md */ = {isa = PBXFileReference; includeInIndex = 1; lastKnownFileType = net.daringfireball.markdown; name = README.md; path = ../README.md; sourceTree = "<group>"; };
		6003F58A195388D20070C39A /* FitpoloSDK-iOS_Example.app */ = {isa = PBXFileReference; explicitFileType = wrapper.application; includeInIndex = 0; path = "FitpoloSDK-iOS_Example.app"; sourceTree = BUILT_PRODUCTS_DIR; };
		6003F58D195388D20070C39A /* Foundation.framework */ = {isa = PBXFileReference; lastKnownFileType = wrapper.framework; name = Foundation.framework; path = System/Library/Frameworks/Foundation.framework; sourceTree = SDKROOT; };
		6003F58F195388D20070C39A /* CoreGraphics.framework */ = {isa = PBXFileReference; lastKnownFileType = wrapper.framework; name = CoreGraphics.framework; path = System/Library/Frameworks/CoreGraphics.framework; sourceTree = SDKROOT; };
		6003F591195388D20070C39A /* UIKit.framework */ = {isa = PBXFileReference; lastKnownFileType = wrapper.framework; name = UIKit.framework; path = System/Library/Frameworks/UIKit.framework; sourceTree = SDKROOT; };
		6003F595195388D20070C39A /* FitpoloSDK-iOS-Info.plist */ = {isa = PBXFileReference; lastKnownFileType = text.plist.xml; path = "FitpoloSDK-iOS-Info.plist"; sourceTree = "<group>"; };
		6003F597195388D20070C39A /* en */ = {isa = PBXFileReference; lastKnownFileType = text.plist.strings; name = en; path = en.lproj/InfoPlist.strings; sourceTree = "<group>"; };
		6003F599195388D20070C39A /* main.m */ = {isa = PBXFileReference; lastKnownFileType = sourcecode.c.objc; path = main.m; sourceTree = "<group>"; };
		6003F59B195388D20070C39A /* FitpoloSDK-iOS-Prefix.pch */ = {isa = PBXFileReference; lastKnownFileType = sourcecode.c.h; path = "FitpoloSDK-iOS-Prefix.pch"; sourceTree = "<group>"; };
		6003F59C195388D20070C39A /* MKAppDelegate.h */ = {isa = PBXFileReference; lastKnownFileType = sourcecode.c.h; path = MKAppDelegate.h; sourceTree = "<group>"; };
		6003F59D195388D20070C39A /* MKAppDelegate.m */ = {isa = PBXFileReference; lastKnownFileType = sourcecode.c.objc; path = MKAppDelegate.m; sourceTree = "<group>"; };
		6003F5A8195388D20070C39A /* Images.xcassets */ = {isa = PBXFileReference; lastKnownFileType = folder.assetcatalog; path = Images.xcassets; sourceTree = "<group>"; };
		6003F5AE195388D20070C39A /* FitpoloSDK-iOS_Tests.xctest */ = {isa = PBXFileReference; explicitFileType = wrapper.cfbundle; includeInIndex = 0; path = "FitpoloSDK-iOS_Tests.xctest"; sourceTree = BUILT_PRODUCTS_DIR; };
		6003F5AF195388D20070C39A /* XCTest.framework */ = {isa = PBXFileReference; lastKnownFileType = wrapper.framework; name = XCTest.framework; path = Library/Frameworks/XCTest.framework; sourceTree = DEVELOPER_DIR; };
		6003F5B7195388D20070C39A /* Tests-Info.plist */ = {isa = PBXFileReference; lastKnownFileType = text.plist.xml; path = "Tests-Info.plist"; sourceTree = "<group>"; };
		6003F5B9195388D20070C39A /* en */ = {isa = PBXFileReference; lastKnownFileType = text.plist.strings; name = en; path = en.lproj/InfoPlist.strings; sourceTree = "<group>"; };
		6003F5BB195388D20070C39A /* Tests.m */ = {isa = PBXFileReference; lastKnownFileType = sourcecode.c.objc; path = Tests.m; sourceTree = "<group>"; };
		606FC2411953D9B200FFA9A0 /* Tests-Prefix.pch */ = {isa = PBXFileReference; lastKnownFileType = sourcecode.c.h; path = "Tests-Prefix.pch"; sourceTree = "<group>"; };
		8FFD665EB521E681868FBEA6 /* Pods-FitpoloSDK-iOS_Example.release.xcconfig */ = {isa = PBXFileReference; includeInIndex = 1; lastKnownFileType = text.xcconfig; name = "Pods-FitpoloSDK-iOS_Example.release.xcconfig"; path = "Target Support Files/Pods-FitpoloSDK-iOS_Example/Pods-FitpoloSDK-iOS_Example.release.xcconfig"; sourceTree = "<group>"; };
		CA3085AF7198B11961DA4E45 /* Pods-FitpoloSDK-iOS_Example.debug.xcconfig */ = {isa = PBXFileReference; includeInIndex = 1; lastKnownFileType = text.xcconfig; name = "Pods-FitpoloSDK-iOS_Example.debug.xcconfig"; path = "Target Support Files/Pods-FitpoloSDK-iOS_Example/Pods-FitpoloSDK-iOS_Example.debug.xcconfig"; sourceTree = "<group>"; };
		D2A178D4E0C991EC4CFA4B9F /* Pods_FitpoloSDK_iOS_Example.framework */ = {isa = PBXFileReference; explicitFileType = wrapper.framework; includeInIndex = 0; path = Pods_FitpoloSDK_iOS_Example.framework; sourceTree = BUILT_PRODUCTS_DIR; };
/* End PBXFileReference section */

/* Begin PBXFrameworksBuildPhase section */
		6003F587195388D20070C39A /* Frameworks */ = {
			isa = PBXFrameworksBuildPhase;
			buildActionMask = 2147483647;
			files = (
				6003F590195388D20070C39A /* CoreGraphics.framework in Frameworks */,
				6003F592195388D20070C39A /* UIKit.framework in Frameworks */,
				6003F58E195388D20070C39A /* Foundation.framework in Frameworks */,
				B491F491F3B210FC7BBEB3E1 /* Pods_FitpoloSDK_iOS_Example.framework in Frameworks */,
			);
			runOnlyForDeploymentPostprocessing = 0;
		};
		6003F5AB195388D20070C39A /* Frameworks */ = {
			isa = PBXFrameworksBuildPhase;
			buildActionMask = 2147483647;
			files = (
				6003F5B0195388D20070C39A /* XCTest.framework in Frameworks */,
				6003F5B2195388D20070C39A /* UIKit.framework in Frameworks */,
				6003F5B1195388D20070C39A /* Foundation.framework in Frameworks */,
			);
			runOnlyForDeploymentPostprocessing = 0;
		};
/* End PBXFrameworksBuildPhase section */

/* Begin PBXGroup section */
		0010709322B22360008AFFE7 /* Functions */ = {
			isa = PBXGroup;
			children = (
				009137DA244808A70014EA95 /* photoPicker */,
				001070CE22B23D37008AFFE7 /* interfacePage */,
				001070CA22B235F8008AFFE7 /* MKHudManager */,
				0010709422B22360008AFFE7 /* scanPage */,
			);
			path = Functions;
			sourceTree = "<group>";
		};
		0010709422B22360008AFFE7 /* scanPage */ = {
			isa = PBXGroup;
			children = (
				0010709522B22360008AFFE7 /* controller */,
				0010709622B22360008AFFE7 /* model */,
				0010709722B22360008AFFE7 /* view */,
			);
			path = scanPage;
			sourceTree = "<group>";
		};
		0010709522B22360008AFFE7 /* controller */ = {
			isa = PBXGroup;
			children = (
				0010709822B22372008AFFE7 /* MKScanPageController.h */,
				0010709922B22372008AFFE7 /* MKScanPageController.m */,
			);
			path = controller;
			sourceTree = "<group>";
		};
		0010709622B22360008AFFE7 /* model */ = {
			isa = PBXGroup;
			children = (
			);
			path = model;
			sourceTree = "<group>";
		};
		0010709722B22360008AFFE7 /* view */ = {
			isa = PBXGroup;
			children = (
				0010709F22B224F5008AFFE7 /* MKBindDeviceCell.h */,
				0010709E22B224F5008AFFE7 /* MKBindDeviceCell.m */,
				0010709D22B224F5008AFFE7 /* MKBindDeviceLayout.h */,
				0010709B22B224F5008AFFE7 /* MKBindDeviceLayout.m */,
			);
			path = view;
			sourceTree = "<group>";
		};
		001070B522B228ED008AFFE7 /* Resource */ = {
			isa = PBXGroup;
			children = (
				009137D8244806400014EA95 /* dialUI2.jpg */,
				009137D42447FF0B0014EA95 /* deviceModule_fitpolo709Icon@2x.png */,
				009137D52447FF0B0014EA95 /* deviceModule_fitpolo709Icon@3x.png */,
				00D42A102447FCB3003AA084 /* dialUI.jpg */,
				001070C622B231CA008AFFE7 /* deviceModule_refreshIcon@2x.png */,
				001070C722B231CA008AFFE7 /* deviceModule_refreshIcon@3x.png */,
				001070B622B228ED008AFFE7 /* deviceModule_fitpolo705Icon@2x.png */,
				001070B722B228ED008AFFE7 /* deviceModule_fitpolo705Icon@3x.png */,
				001070B822B228ED008AFFE7 /* deviceModule_fitpolo707Icon@2x.png */,
				001070B922B228ED008AFFE7 /* deviceModule_fitpolo707Icon@3x.png */,
				001070BA22B228ED008AFFE7 /* deviceModule_fitpolo701Icon@2x.png */,
				001070BB22B228ED008AFFE7 /* deviceModule_fitpolo701Icon@3x.png */,
				001070BC22B228ED008AFFE7 /* deviceModule_fitpolo706Icon@3x.png */,
				001070BD22B228ED008AFFE7 /* deviceModule_fitpolo706Icon@2x.png */,
			);
			path = Resource;
			sourceTree = "<group>";
		};
		001070CA22B235F8008AFFE7 /* MKHudManager */ = {
			isa = PBXGroup;
			children = (
				001070CC22B235F8008AFFE7 /* MKHudManager.h */,
				001070CB22B235F8008AFFE7 /* MKHudManager.m */,
			);
			path = MKHudManager;
			sourceTree = "<group>";
		};
		001070CE22B23D37008AFFE7 /* interfacePage */ = {
			isa = PBXGroup;
			children = (
				00914D6622B3519E00E89753 /* controller */,
				00914D6322B3519E00E89753 /* model */,
			);
			path = interfacePage;
			sourceTree = "<group>";
		};
		009137DA244808A70014EA95 /* photoPicker */ = {
			isa = PBXGroup;
			children = (
				009137DB244808A70014EA95 /* MKDeviceModulePhotoPicker.h */,
				009137DC244808A70014EA95 /* MKDeviceModulePhotoPicker.m */,
			);
			path = photoPicker;
			sourceTree = "<group>";
		};
		00914D6322B3519E00E89753 /* model */ = {
			isa = PBXGroup;
			children = (
				00914D6422B3519E00E89753 /* MKReadDataTimeModel.h */,
				00914D6522B3519E00E89753 /* MKReadDataTimeModel.m */,
				00914D7122B351C300E89753 /* MKAncsModel.h */,
				00914D7222B351C300E89753 /* MKAncsModel.m */,
				00914D7422B3528D00E89753 /* MKConfigAlarmClockModel.h */,
				00914D7522B3528D00E89753 /* MKConfigAlarmClockModel.m */,
				00914D7722B371DC00E89753 /* MKConfigPeriodTimeModel.h */,
				00914D7822B371DC00E89753 /* MKConfigPeriodTimeModel.m */,
				00914D7A22B377F100E89753 /* MKCustomScreenDisplayModel.h */,
				00914D7B22B377F100E89753 /* MKCustomScreenDisplayModel.m */,
				00914D7D22B37BD500E89753 /* MKConfigUserDataModel.h */,
				00914D7E22B37BD500E89753 /* MKConfigUserDataModel.m */,
			);
			path = model;
			sourceTree = "<group>";
		};
		00914D6622B3519E00E89753 /* controller */ = {
			isa = PBXGroup;
			children = (
				00914D6922B3519E00E89753 /* MKInterfaceController.h */,
				00914D6C22B3519E00E89753 /* MKInterfaceController.m */,
				00914D6B22B3519E00E89753 /* MKReadInterfaceController.h */,
				00914D6822B3519E00E89753 /* MKReadInterfaceController.m */,
				00914D6A22B3519E00E89753 /* MKConfigInterfaceController.h */,
				00914D6722B3519E00E89753 /* MKConfigInterfaceController.m */,
			);
			path = controller;
			sourceTree = "<group>";
		};
		6003F581195388D10070C39A = {
			isa = PBXGroup;
			children = (
				60FF7A9C1954A5C5007DD14C /* Podspec Metadata */,
				6003F593195388D20070C39A /* Example for FitpoloSDK-iOS */,
				6003F5B5195388D20070C39A /* Tests */,
				6003F58C195388D20070C39A /* Frameworks */,
				6003F58B195388D20070C39A /* Products */,
				6EBC4F483870762573927777 /* Pods */,
			);
			sourceTree = "<group>";
		};
		6003F58B195388D20070C39A /* Products */ = {
			isa = PBXGroup;
			children = (
				6003F58A195388D20070C39A /* FitpoloSDK-iOS_Example.app */,
				6003F5AE195388D20070C39A /* FitpoloSDK-iOS_Tests.xctest */,
			);
			name = Products;
			sourceTree = "<group>";
		};
		6003F58C195388D20070C39A /* Frameworks */ = {
			isa = PBXGroup;
			children = (
				6003F58D195388D20070C39A /* Foundation.framework */,
				6003F58F195388D20070C39A /* CoreGraphics.framework */,
				6003F591195388D20070C39A /* UIKit.framework */,
				6003F5AF195388D20070C39A /* XCTest.framework */,
				D2A178D4E0C991EC4CFA4B9F /* Pods_FitpoloSDK_iOS_Example.framework */,
			);
			name = Frameworks;
			sourceTree = "<group>";
		};
		6003F593195388D20070C39A /* Example for FitpoloSDK-iOS */ = {
			isa = PBXGroup;
			children = (
				001070B522B228ED008AFFE7 /* Resource */,
				0010709322B22360008AFFE7 /* Functions */,
				6003F59C195388D20070C39A /* MKAppDelegate.h */,
				6003F59D195388D20070C39A /* MKAppDelegate.m */,
				6003F5A8195388D20070C39A /* Images.xcassets */,
				6003F594195388D20070C39A /* Supporting Files */,
			);
			name = "Example for FitpoloSDK-iOS";
			path = "FitpoloSDK-iOS";
			sourceTree = "<group>";
		};
		6003F594195388D20070C39A /* Supporting Files */ = {
			isa = PBXGroup;
			children = (
				6003F595195388D20070C39A /* FitpoloSDK-iOS-Info.plist */,
				6003F596195388D20070C39A /* InfoPlist.strings */,
				6003F599195388D20070C39A /* main.m */,
				6003F59B195388D20070C39A /* FitpoloSDK-iOS-Prefix.pch */,
			);
			name = "Supporting Files";
			sourceTree = "<group>";
		};
		6003F5B5195388D20070C39A /* Tests */ = {
			isa = PBXGroup;
			children = (
				6003F5BB195388D20070C39A /* Tests.m */,
				6003F5B6195388D20070C39A /* Supporting Files */,
			);
			path = Tests;
			sourceTree = "<group>";
		};
		6003F5B6195388D20070C39A /* Supporting Files */ = {
			isa = PBXGroup;
			children = (
				6003F5B7195388D20070C39A /* Tests-Info.plist */,
				6003F5B8195388D20070C39A /* InfoPlist.strings */,
				606FC2411953D9B200FFA9A0 /* Tests-Prefix.pch */,
			);
			name = "Supporting Files";
			sourceTree = "<group>";
		};
		60FF7A9C1954A5C5007DD14C /* Podspec Metadata */ = {
			isa = PBXGroup;
			children = (
				2EB88843B8A62F6B94B9B9E1 /* FitpoloSDK-iOS.podspec */,
				4961C2031B40F3BD0F3DC1F6 /* README.md */,
				2CFBBE3CF4B52F51B199A8B6 /* LICENSE */,
			);
			name = "Podspec Metadata";
			sourceTree = "<group>";
		};
		6EBC4F483870762573927777 /* Pods */ = {
			isa = PBXGroup;
			children = (
				CA3085AF7198B11961DA4E45 /* Pods-FitpoloSDK-iOS_Example.debug.xcconfig */,
				8FFD665EB521E681868FBEA6 /* Pods-FitpoloSDK-iOS_Example.release.xcconfig */,
			);
			path = Pods;
			sourceTree = "<group>";
		};
/* End PBXGroup section */

/* Begin PBXNativeTarget section */
		6003F589195388D20070C39A /* FitpoloSDK-iOS_Example */ = {
			isa = PBXNativeTarget;
			buildConfigurationList = 6003F5BF195388D20070C39A /* Build configuration list for PBXNativeTarget "FitpoloSDK-iOS_Example" */;
			buildPhases = (
				8D2A1A6400A81EE641BFF538 /* [CP] Check Pods Manifest.lock */,
				6003F586195388D20070C39A /* Sources */,
				6003F587195388D20070C39A /* Frameworks */,
				6003F588195388D20070C39A /* Resources */,
				123683894449AAFF8169A426 /* [CP] Embed Pods Frameworks */,
			);
			buildRules = (
			);
			dependencies = (
			);
			name = "FitpoloSDK-iOS_Example";
			productName = "FitpoloSDK-iOS";
			productReference = 6003F58A195388D20070C39A /* FitpoloSDK-iOS_Example.app */;
			productType = "com.apple.product-type.application";
		};
		6003F5AD195388D20070C39A /* FitpoloSDK-iOS_Tests */ = {
			isa = PBXNativeTarget;
			buildConfigurationList = 6003F5C2195388D20070C39A /* Build configuration list for PBXNativeTarget "FitpoloSDK-iOS_Tests" */;
			buildPhases = (
				6003F5AA195388D20070C39A /* Sources */,
				6003F5AB195388D20070C39A /* Frameworks */,
				6003F5AC195388D20070C39A /* Resources */,
			);
			buildRules = (
			);
			dependencies = (
				6003F5B4195388D20070C39A /* PBXTargetDependency */,
			);
			name = "FitpoloSDK-iOS_Tests";
			productName = "FitpoloSDK-iOSTests";
			productReference = 6003F5AE195388D20070C39A /* FitpoloSDK-iOS_Tests.xctest */;
			productType = "com.apple.product-type.bundle.unit-test";
		};
/* End PBXNativeTarget section */

/* Begin PBXProject section */
		6003F582195388D10070C39A /* Project object */ = {
			isa = PBXProject;
			attributes = {
				CLASSPREFIX = MK;
				LastUpgradeCheck = 1020;
				ORGANIZATIONNAME = Chengang;
				TargetAttributes = {
					6003F589195388D20070C39A = {
						DevelopmentTeam = 9S6N592WKP;
					};
					6003F5AD195388D20070C39A = {
						TestTargetID = 6003F589195388D20070C39A;
					};
				};
			};
			buildConfigurationList = 6003F585195388D10070C39A /* Build configuration list for PBXProject "FitpoloSDK-iOS" */;
			compatibilityVersion = "Xcode 3.2";
			developmentRegion = en;
			hasScannedForEncodings = 0;
			knownRegions = (
				en,
				Base,
			);
			mainGroup = 6003F581195388D10070C39A;
			productRefGroup = 6003F58B195388D20070C39A /* Products */;
			projectDirPath = "";
			projectRoot = "";
			targets = (
				6003F589195388D20070C39A /* FitpoloSDK-iOS_Example */,
				6003F5AD195388D20070C39A /* FitpoloSDK-iOS_Tests */,
			);
		};
/* End PBXProject section */

/* Begin PBXResourcesBuildPhase section */
		6003F588195388D20070C39A /* Resources */ = {
			isa = PBXResourcesBuildPhase;
			buildActionMask = 2147483647;
			files = (
				001070C822B231CA008AFFE7 /* deviceModule_refreshIcon@2x.png in Resources */,
				009137D72447FF0B0014EA95 /* deviceModule_fitpolo709Icon@3x.png in Resources */,
				00D42A112447FCB3003AA084 /* dialUI.jpg in Resources */,
				6003F5A9195388D20070C39A /* Images.xcassets in Resources */,
				009137D9244806400014EA95 /* dialUI2.jpg in Resources */,
				001070C522B228ED008AFFE7 /* deviceModule_fitpolo706Icon@2x.png in Resources */,
				001070C022B228ED008AFFE7 /* deviceModule_fitpolo707Icon@2x.png in Resources */,
				001070BE22B228ED008AFFE7 /* deviceModule_fitpolo705Icon@2x.png in Resources */,
				001070C122B228ED008AFFE7 /* deviceModule_fitpolo707Icon@3x.png in Resources */,
				6003F598195388D20070C39A /* InfoPlist.strings in Resources */,
				001070BF22B228ED008AFFE7 /* deviceModule_fitpolo705Icon@3x.png in Resources */,
				001070C222B228ED008AFFE7 /* deviceModule_fitpolo701Icon@2x.png in Resources */,
				001070C422B228ED008AFFE7 /* deviceModule_fitpolo706Icon@3x.png in Resources */,
				001070C922B231CA008AFFE7 /* deviceModule_refreshIcon@3x.png in Resources */,
				009137D62447FF0B0014EA95 /* deviceModule_fitpolo709Icon@2x.png in Resources */,
				001070C322B228ED008AFFE7 /* deviceModule_fitpolo701Icon@3x.png in Resources */,
			);
			runOnlyForDeploymentPostprocessing = 0;
		};
		6003F5AC195388D20070C39A /* Resources */ = {
			isa = PBXResourcesBuildPhase;
			buildActionMask = 2147483647;
			files = (
				6003F5BA195388D20070C39A /* InfoPlist.strings in Resources */,
			);
			runOnlyForDeploymentPostprocessing = 0;
		};
/* End PBXResourcesBuildPhase section */

/* Begin PBXShellScriptBuildPhase section */
		123683894449AAFF8169A426 /* [CP] Embed Pods Frameworks */ = {
			isa = PBXShellScriptBuildPhase;
			buildActionMask = 2147483647;
			files = (
			);
			inputPaths = (
				"${PODS_ROOT}/Target Support Files/Pods-FitpoloSDK-iOS_Example/Pods-FitpoloSDK-iOS_Example-frameworks.sh",
				"${BUILT_PRODUCTS_DIR}/FitpoloSDK-iOS/FitpoloSDK_iOS.framework",
				"${BUILT_PRODUCTS_DIR}/MBProgressHUD/MBProgressHUD.framework",
				"${BUILT_PRODUCTS_DIR}/Masonry/Masonry.framework",
				"${BUILT_PRODUCTS_DIR}/Toast/Toast.framework",
				"${BUILT_PRODUCTS_DIR}/YYKit/YYKit.framework",
			);
			name = "[CP] Embed Pods Frameworks";
			outputPaths = (
				"${TARGET_BUILD_DIR}/${FRAMEWORKS_FOLDER_PATH}/FitpoloSDK_iOS.framework",
				"${TARGET_BUILD_DIR}/${FRAMEWORKS_FOLDER_PATH}/MBProgressHUD.framework",
				"${TARGET_BUILD_DIR}/${FRAMEWORKS_FOLDER_PATH}/Masonry.framework",
				"${TARGET_BUILD_DIR}/${FRAMEWORKS_FOLDER_PATH}/Toast.framework",
				"${TARGET_BUILD_DIR}/${FRAMEWORKS_FOLDER_PATH}/YYKit.framework",
			);
			runOnlyForDeploymentPostprocessing = 0;
			shellPath = /bin/sh;
			shellScript = "\"${PODS_ROOT}/Target Support Files/Pods-FitpoloSDK-iOS_Example/Pods-FitpoloSDK-iOS_Example-frameworks.sh\"\n";
			showEnvVarsInLog = 0;
		};
		8D2A1A6400A81EE641BFF538 /* [CP] Check Pods Manifest.lock */ = {
			isa = PBXShellScriptBuildPhase;
			buildActionMask = 2147483647;
			files = (
			);
			inputFileListPaths = (
			);
			inputPaths = (
				"${PODS_PODFILE_DIR_PATH}/Podfile.lock",
				"${PODS_ROOT}/Manifest.lock",
			);
			name = "[CP] Check Pods Manifest.lock";
			outputFileListPaths = (
			);
			outputPaths = (
				"$(DERIVED_FILE_DIR)/Pods-FitpoloSDK-iOS_Example-checkManifestLockResult.txt",
			);
			runOnlyForDeploymentPostprocessing = 0;
			shellPath = /bin/sh;
			shellScript = "diff \"${PODS_PODFILE_DIR_PATH}/Podfile.lock\" \"${PODS_ROOT}/Manifest.lock\" > /dev/null\nif [ $? != 0 ] ; then\n    # print error to STDERR\n    echo \"error: The sandbox is not in sync with the Podfile.lock. Run 'pod install' or update your CocoaPods installation.\" >&2\n    exit 1\nfi\n# This output is used by Xcode 'outputs' to avoid re-running this script phase.\necho \"SUCCESS\" > \"${SCRIPT_OUTPUT_FILE_0}\"\n";
			showEnvVarsInLog = 0;
		};
/* End PBXShellScriptBuildPhase section */

/* Begin PBXSourcesBuildPhase section */
		6003F586195388D20070C39A /* Sources */ = {
			isa = PBXSourcesBuildPhase;
			buildActionMask = 2147483647;
			files = (
				00914D6D22B3519E00E89753 /* MKReadDataTimeModel.m in Sources */,
				0010709A22B22372008AFFE7 /* MKScanPageController.m in Sources */,
				6003F59E195388D20070C39A /* MKAppDelegate.m in Sources */,
				00914D7322B351C300E89753 /* MKAncsModel.m in Sources */,
				00914D7622B3528D00E89753 /* MKConfigAlarmClockModel.m in Sources */,
				00914D7F22B37BD500E89753 /* MKConfigUserDataModel.m in Sources */,
				00914D6F22B3519E00E89753 /* MKReadInterfaceController.m in Sources */,
				00914D6E22B3519E00E89753 /* MKConfigInterfaceController.m in Sources */,
				00914D7922B371DC00E89753 /* MKConfigPeriodTimeModel.m in Sources */,
				00914D7022B3519E00E89753 /* MKInterfaceController.m in Sources */,
				001070A122B224F6008AFFE7 /* MKBindDeviceLayout.m in Sources */,
				001070CD22B235F8008AFFE7 /* MKHudManager.m in Sources */,
				009137DD244808A80014EA95 /* MKDeviceModulePhotoPicker.m in Sources */,
				00914D7C22B377F100E89753 /* MKCustomScreenDisplayModel.m in Sources */,
				001070A322B224F6008AFFE7 /* MKBindDeviceCell.m in Sources */,
				6003F59A195388D20070C39A /* main.m in Sources */,
			);
			runOnlyForDeploymentPostprocessing = 0;
		};
		6003F5AA195388D20070C39A /* Sources */ = {
			isa = PBXSourcesBuildPhase;
			buildActionMask = 2147483647;
			files = (
				6003F5BC195388D20070C39A /* Tests.m in Sources */,
			);
			runOnlyForDeploymentPostprocessing = 0;
		};
/* End PBXSourcesBuildPhase section */

/* Begin PBXTargetDependency section */
		6003F5B4195388D20070C39A /* PBXTargetDependency */ = {
			isa = PBXTargetDependency;
			target = 6003F589195388D20070C39A /* FitpoloSDK-iOS_Example */;
			targetProxy = 6003F5B3195388D20070C39A /* PBXContainerItemProxy */;
		};
/* End PBXTargetDependency section */

/* Begin PBXVariantGroup section */
		6003F596195388D20070C39A /* InfoPlist.strings */ = {
			isa = PBXVariantGroup;
			children = (
				6003F597195388D20070C39A /* en */,
			);
			name = InfoPlist.strings;
			sourceTree = "<group>";
		};
		6003F5B8195388D20070C39A /* InfoPlist.strings */ = {
			isa = PBXVariantGroup;
			children = (
				6003F5B9195388D20070C39A /* en */,
			);
			name = InfoPlist.strings;
			sourceTree = "<group>";
		};
/* End PBXVariantGroup section */

/* Begin XCBuildConfiguration section */
		6003F5BD195388D20070C39A /* Debug */ = {
			isa = XCBuildConfiguration;
			buildSettings = {
				ALWAYS_SEARCH_USER_PATHS = NO;
				CLANG_ANALYZER_LOCALIZABILITY_NONLOCALIZED = YES;
				CLANG_CXX_LANGUAGE_STANDARD = "gnu++0x";
				CLANG_CXX_LIBRARY = "libc++";
				CLANG_ENABLE_MODULES = YES;
				CLANG_ENABLE_OBJC_ARC = YES;
				CLANG_WARN_BLOCK_CAPTURE_AUTORELEASING = YES;
				CLANG_WARN_BOOL_CONVERSION = YES;
				CLANG_WARN_COMMA = YES;
				CLANG_WARN_CONSTANT_CONVERSION = YES;
				CLANG_WARN_DEPRECATED_OBJC_IMPLEMENTATIONS = YES;
				CLANG_WARN_DIRECT_OBJC_ISA_USAGE = YES_ERROR;
				CLANG_WARN_EMPTY_BODY = YES;
				CLANG_WARN_ENUM_CONVERSION = YES;
				CLANG_WARN_INFINITE_RECURSION = YES;
				CLANG_WARN_INT_CONVERSION = YES;
				CLANG_WARN_NON_LITERAL_NULL_CONVERSION = YES;
				CLANG_WARN_OBJC_IMPLICIT_RETAIN_SELF = YES;
				CLANG_WARN_OBJC_LITERAL_CONVERSION = YES;
				CLANG_WARN_OBJC_ROOT_CLASS = YES_ERROR;
				CLANG_WARN_RANGE_LOOP_ANALYSIS = YES;
				CLANG_WARN_STRICT_PROTOTYPES = YES;
				CLANG_WARN_SUSPICIOUS_MOVE = YES;
				CLANG_WARN_UNREACHABLE_CODE = YES;
				CLANG_WARN__DUPLICATE_METHOD_MATCH = YES;
				"CODE_SIGN_IDENTITY[sdk=iphoneos*]" = "iPhone Developer";
				COPY_PHASE_STRIP = NO;
				ENABLE_STRICT_OBJC_MSGSEND = YES;
				ENABLE_TESTABILITY = YES;
				GCC_C_LANGUAGE_STANDARD = gnu99;
				GCC_DYNAMIC_NO_PIC = NO;
				GCC_NO_COMMON_BLOCKS = YES;
				GCC_OPTIMIZATION_LEVEL = 0;
				GCC_PREPROCESSOR_DEFINITIONS = (
					"DEBUG=1",
					"$(inherited)",
				);
				GCC_SYMBOLS_PRIVATE_EXTERN = NO;
				GCC_WARN_64_TO_32_BIT_CONVERSION = YES;
				GCC_WARN_ABOUT_RETURN_TYPE = YES_ERROR;
				GCC_WARN_UNDECLARED_SELECTOR = YES;
				GCC_WARN_UNINITIALIZED_AUTOS = YES_AGGRESSIVE;
				GCC_WARN_UNUSED_FUNCTION = YES;
				GCC_WARN_UNUSED_VARIABLE = YES;
				IPHONEOS_DEPLOYMENT_TARGET = 9.3;
				ONLY_ACTIVE_ARCH = YES;
				SDKROOT = iphoneos;
				TARGETED_DEVICE_FAMILY = "1,2";
			};
			name = Debug;
		};
		6003F5BE195388D20070C39A /* Release */ = {
			isa = XCBuildConfiguration;
			buildSettings = {
				ALWAYS_SEARCH_USER_PATHS = NO;
				CLANG_ANALYZER_LOCALIZABILITY_NONLOCALIZED = YES;
				CLANG_CXX_LANGUAGE_STANDARD = "gnu++0x";
				CLANG_CXX_LIBRARY = "libc++";
				CLANG_ENABLE_MODULES = YES;
				CLANG_ENABLE_OBJC_ARC = YES;
				CLANG_WARN_BLOCK_CAPTURE_AUTORELEASING = YES;
				CLANG_WARN_BOOL_CONVERSION = YES;
				CLANG_WARN_COMMA = YES;
				CLANG_WARN_CONSTANT_CONVERSION = YES;
				CLANG_WARN_DEPRECATED_OBJC_IMPLEMENTATIONS = YES;
				CLANG_WARN_DIRECT_OBJC_ISA_USAGE = YES_ERROR;
				CLANG_WARN_EMPTY_BODY = YES;
				CLANG_WARN_ENUM_CONVERSION = YES;
				CLANG_WARN_INFINITE_RECURSION = YES;
				CLANG_WARN_INT_CONVERSION = YES;
				CLANG_WARN_NON_LITERAL_NULL_CONVERSION = YES;
				CLANG_WARN_OBJC_IMPLICIT_RETAIN_SELF = YES;
				CLANG_WARN_OBJC_LITERAL_CONVERSION = YES;
				CLANG_WARN_OBJC_ROOT_CLASS = YES_ERROR;
				CLANG_WARN_RANGE_LOOP_ANALYSIS = YES;
				CLANG_WARN_STRICT_PROTOTYPES = YES;
				CLANG_WARN_SUSPICIOUS_MOVE = YES;
				CLANG_WARN_UNREACHABLE_CODE = YES;
				CLANG_WARN__DUPLICATE_METHOD_MATCH = YES;
				"CODE_SIGN_IDENTITY[sdk=iphoneos*]" = "iPhone Developer";
				COPY_PHASE_STRIP = YES;
				ENABLE_NS_ASSERTIONS = NO;
				ENABLE_STRICT_OBJC_MSGSEND = YES;
				GCC_C_LANGUAGE_STANDARD = gnu99;
				GCC_NO_COMMON_BLOCKS = YES;
				GCC_WARN_64_TO_32_BIT_CONVERSION = YES;
				GCC_WARN_ABOUT_RETURN_TYPE = YES_ERROR;
				GCC_WARN_UNDECLARED_SELECTOR = YES;
				GCC_WARN_UNINITIALIZED_AUTOS = YES_AGGRESSIVE;
				GCC_WARN_UNUSED_FUNCTION = YES;
				GCC_WARN_UNUSED_VARIABLE = YES;
				IPHONEOS_DEPLOYMENT_TARGET = 9.3;
				SDKROOT = iphoneos;
				TARGETED_DEVICE_FAMILY = "1,2";
				VALIDATE_PRODUCT = YES;
			};
			name = Release;
		};
		6003F5C0195388D20070C39A /* Debug */ = {
			isa = XCBuildConfiguration;
			baseConfigurationReference = CA3085AF7198B11961DA4E45 /* Pods-FitpoloSDK-iOS_Example.debug.xcconfig */;
			buildSettings = {
				ASSETCATALOG_COMPILER_APPICON_NAME = AppIcon;
				CLANG_WARN_OBJC_IMPLICIT_RETAIN_SELF = NO;
				DEVELOPMENT_TEAM = 9S6N592WKP;
				GCC_PRECOMPILE_PREFIX_HEADER = YES;
				GCC_PREFIX_HEADER = "FitpoloSDK-iOS/FitpoloSDK-iOS-Prefix.pch";
				INFOPLIST_FILE = "FitpoloSDK-iOS/FitpoloSDK-iOS-Info.plist";
				IPHONEOS_DEPLOYMENT_TARGET = 9.0;
				MODULE_NAME = ExampleApp;
				PRODUCT_BUNDLE_IDENTIFIER = "org.cocoapods.demo.${PRODUCT_NAME:rfc1034identifier}";
				PRODUCT_NAME = "$(TARGET_NAME)";
				TARGETED_DEVICE_FAMILY = 1;
				WRAPPER_EXTENSION = app;
			};
			name = Debug;
		};
		6003F5C1195388D20070C39A /* Release */ = {
			isa = XCBuildConfiguration;
			baseConfigurationReference = 8FFD665EB521E681868FBEA6 /* Pods-FitpoloSDK-iOS_Example.release.xcconfig */;
			buildSettings = {
				ASSETCATALOG_COMPILER_APPICON_NAME = AppIcon;
				CLANG_WARN_OBJC_IMPLICIT_RETAIN_SELF = NO;
				DEVELOPMENT_TEAM = 9S6N592WKP;
				GCC_PRECOMPILE_PREFIX_HEADER = YES;
				GCC_PREFIX_HEADER = "FitpoloSDK-iOS/FitpoloSDK-iOS-Prefix.pch";
				INFOPLIST_FILE = "FitpoloSDK-iOS/FitpoloSDK-iOS-Info.plist";
				IPHONEOS_DEPLOYMENT_TARGET = 9.0;
				MODULE_NAME = ExampleApp;
				PRODUCT_BUNDLE_IDENTIFIER = "org.cocoapods.demo.${PRODUCT_NAME:rfc1034identifier}";
				PRODUCT_NAME = "$(TARGET_NAME)";
				TARGETED_DEVICE_FAMILY = 1;
				WRAPPER_EXTENSION = app;
			};
			name = Release;
		};
		6003F5C3195388D20070C39A /* Debug */ = {
			isa = XCBuildConfiguration;
			buildSettings = {
				BUNDLE_LOADER = "$(TEST_HOST)";
				FRAMEWORK_SEARCH_PATHS = (
					"$(SDKROOT)/Developer/Library/Frameworks",
					"$(inherited)",
					"$(DEVELOPER_FRAMEWORKS_DIR)",
				);
				GCC_PRECOMPILE_PREFIX_HEADER = YES;
				GCC_PREFIX_HEADER = "Tests/Tests-Prefix.pch";
				GCC_PREPROCESSOR_DEFINITIONS = (
					"DEBUG=1",
					"$(inherited)",
				);
				INFOPLIST_FILE = "Tests/Tests-Info.plist";
				PRODUCT_BUNDLE_IDENTIFIER = "org.cocoapods.demo.${PRODUCT_NAME:rfc1034identifier}";
				PRODUCT_NAME = "$(TARGET_NAME)";
				TEST_HOST = "$(BUILT_PRODUCTS_DIR)/FitpoloSDK-iOS_Example.app/FitpoloSDK-iOS_Example";
				WRAPPER_EXTENSION = xctest;
			};
			name = Debug;
		};
		6003F5C4195388D20070C39A /* Release */ = {
			isa = XCBuildConfiguration;
			buildSettings = {
				BUNDLE_LOADER = "$(TEST_HOST)";
				FRAMEWORK_SEARCH_PATHS = (
					"$(SDKROOT)/Developer/Library/Frameworks",
					"$(inherited)",
					"$(DEVELOPER_FRAMEWORKS_DIR)",
				);
				GCC_PRECOMPILE_PREFIX_HEADER = YES;
				GCC_PREFIX_HEADER = "Tests/Tests-Prefix.pch";
				INFOPLIST_FILE = "Tests/Tests-Info.plist";
				PRODUCT_BUNDLE_IDENTIFIER = "org.cocoapods.demo.${PRODUCT_NAME:rfc1034identifier}";
				PRODUCT_NAME = "$(TARGET_NAME)";
				TEST_HOST = "$(BUILT_PRODUCTS_DIR)/FitpoloSDK-iOS_Example.app/FitpoloSDK-iOS_Example";
				WRAPPER_EXTENSION = xctest;
			};
			name = Release;
		};
/* End XCBuildConfiguration section */

/* Begin XCConfigurationList section */
		6003F585195388D10070C39A /* Build configuration list for PBXProject "FitpoloSDK-iOS" */ = {
			isa = XCConfigurationList;
			buildConfigurations = (
				6003F5BD195388D20070C39A /* Debug */,
				6003F5BE195388D20070C39A /* Release */,
			);
			defaultConfigurationIsVisible = 0;
			defaultConfigurationName = Release;
		};
		6003F5BF195388D20070C39A /* Build configuration list for PBXNativeTarget "FitpoloSDK-iOS_Example" */ = {
			isa = XCConfigurationList;
			buildConfigurations = (
				6003F5C0195388D20070C39A /* Debug */,
				6003F5C1195388D20070C39A /* Release */,
			);
			defaultConfigurationIsVisible = 0;
			defaultConfigurationName = Release;
		};
		6003F5C2195388D20070C39A /* Build configuration list for PBXNativeTarget "FitpoloSDK-iOS_Tests" */ = {
			isa = XCConfigurationList;
			buildConfigurations = (
				6003F5C3195388D20070C39A /* Debug */,
				6003F5C4195388D20070C39A /* Release */,
			);
			defaultConfigurationIsVisible = 0;
			defaultConfigurationName = Release;
		};
/* End XCConfigurationList section */
	};
	rootObject = 6003F582195388D10070C39A /* Project object */;
}
